
Microsoft Visual Studio Solution File, Format Version 12.00
# Visual Studio 15
VisualStudioVersion = 15.0.27428.2005
MinimumVisualStudioVersion = 14.0
Project("{9A19103F-16F7-4668-BE54-9A1E7A4F7556}") = "TypedRest.OpenApi", "TypedRest.OpenApi\TypedRest.OpenApi.csproj", "{CD0A6379-2F8A-44D7-9731-1625AF1B3558}"
EndProject
Project("{9A19103F-16F7-4668-BE54-9A1E7A4F7556}") = "TypedRest.OpenApi.CSharp", "TypedRest.OpenApi.CSharp\TypedRest.OpenApi.CSharp.csproj", "{9BB1CA1B-00C3-448F-A0B8-95621297D83E}"
EndProject
Project("{9A19103F-16F7-4668-BE54-9A1E7A4F7556}") = "UnitTests", "UnitTests\UnitTests.csproj", "{80686155-EAB9-4D82-9472-ECEAE98CBF1F}"
EndProject
Project("{FAE04EC0-301F-11D3-BF4B-00C04F79EFBC}") = "TypedRest.OpenApi.Cli", "TypedRest.OpenApi.Cli\TypedRest.OpenApi.Cli.csproj", "{C5165001-CC46-4327-A279-BFF54848F74F}"
EndProject
Global
	GlobalSection(SolutionConfigurationPlatforms) = preSolution
		Debug|Any CPU = Debug|Any CPU
		Release|Any CPU = Release|Any CPU
	EndGlobalSection
	GlobalSection(ProjectConfigurationPlatforms) = postSolution
		{CD0A6379-2F8A-44D7-9731-1625AF1B3558}.Debug|Any CPU.ActiveCfg = Debug|Any CPU
		{CD0A6379-2F8A-44D7-9731-1625AF1B3558}.Debug|Any CPU.Build.0 = Debug|Any CPU
		{CD0A6379-2F8A-44D7-9731-1625AF1B3558}.Release|Any CPU.ActiveCfg = Release|Any CPU
		{CD0A6379-2F8A-44D7-9731-1625AF1B3558}.Release|Any CPU.Build.0 = Release|Any CPU
		{9BB1CA1B-00C3-448F-A0B8-95621297D83E}.Debug|Any CPU.ActiveCfg = Debug|Any CPU
		{9BB1CA1B-00C3-448F-A0B8-95621297D83E}.Debug|Any CPU.Build.0 = Debug|Any CPU
		{9BB1CA1B-00C3-448F-A0B8-95621297D83E}.Release|Any CPU.ActiveCfg = Release|Any CPU
		{9BB1CA1B-00C3-448F-A0B8-95621297D83E}.Release|Any CPU.Build.0 = Release|Any CPU
		{80686155-EAB9-4D82-9472-ECEAE98CBF1F}.Debug|Any CPU.ActiveCfg = Debug|Any CPU
		{80686155-EAB9-4D82-9472-ECEAE98CBF1F}.Debug|Any CPU.Build.0 = Debug|Any CPU
		{80686155-EAB9-4D82-9472-ECEAE98CBF1F}.Release|Any CPU.ActiveCfg = Release|Any CPU
		{80686155-EAB9-4D82-9472-ECEAE98CBF1F}.Release|Any CPU.Build.0 = Release|Any CPU
		{C5165001-CC46-4327-A279-BFF54848F74F}.Debug|Any CPU.ActiveCfg = Debug|Any CPU
		{C5165001-CC46-4327-A279-BFF54848F74F}.Debug|Any CPU.Build.0 = Debug|Any CPU
		{C5165001-CC46-4327-A279-BFF54848F74F}.Release|Any CPU.ActiveCfg = Release|Any CPU
		{C5165001-CC46-4327-A279-BFF54848F74F}.Release|Any CPU.Build.0 = Release|Any CPU
	EndGlobalSection
	GlobalSection(SolutionProperties) = preSolution
		HideSolutionNode = FALSE
	EndGlobalSection
	GlobalSection(ExtensibilityGlobals) = postSolution
		SolutionGuid = {4102CC32-FF6C-4FDB-8639-DF4C4D6CC7B4}
	EndGlobalSection
EndGlobal
