{
  "name": "typedrest-codegen-smoketest",
  "version": "0.0.0",
  "lockfileVersion": 3,
  "requires": true,
  "packages": {
    "": {
      "name": "typedrest-codegen-smoketest",
      "version": "0.0.0",
      "license": "MIT",
      "dependencies": {
        "typedrest": "0.4.1"
      },
      "devDependencies": {
        "@types/node": "^24.0.0",
        "@types/url-template": "^2.0.31",
        "typescript": "^5.9.0"
      }
    },
    "node_modules/@types/node": {
      "version": "24.13.3",
      "resolved": "https://registry.npmjs.org/@types/node/-/node-24.13.3.tgz",
      "integrity": "sha512-Dh8vAsV36ig5wa9OX4pXvMc9D3Veibfw2wix0CUwYODLD8nkj9UsLjASr49nPg+2eKzxhBV+v7L8pXvT4e639Q==",
      "dev": true,
      "license": "MIT",
      "dependencies": {
        "undici-types": "~7.18.0"
      }
    },
    "node_modules/@types/url-template": {
      "version": "2.0.31",
      "resolved": "https://registry.npmjs.org/@types/url-template/-/url-template-2.0.31.tgz",
      "integrity": "sha512-mXzP2L5FkK9b+MYqlKYSJG/1RTMFWZT1oBuQ6KPzSY3m1hwKks7PrHg+Yd3QkoedBUJO749JXvK3FgCgGGIx6Q==",
      "dev": true,
      "license": "MIT"
    },
    "node_modules/typedrest": {
      "version": "0.4.1",
      "resolved": "https://registry.npmjs.org/typedrest/-/typedrest-0.4.1.tgz",
      "integrity": "sha512-243mm/H0ualvOZIKp6LhEhewPK/u3q2fauJRRSMC6mBWiismgHj12pQC26W9VhJxQmci10V8ZGS2UgtVYHd9hA==",
      "license": "MIT",
      "dependencies": {
        "url-template": "^2.0.8"
      }
    },
    "node_modules/typescript": {
      "version": "5.9.3",
      "resolved": "https://registry.npmjs.org/typescript/-/typescript-5.9.3.tgz",
      "integrity": "sha512-jl1vZzPDinLr9eUt3J/t7V6FgNEw9QjvBPdysz9KfQDD41fQrC2Y4vKQdiaUpFT4bXlb1RHhLpp8wtm6M5TgSw==",
      "dev": true,
      "license": "Apache-2.0",
      "bin": {
        "tsc": "bin/tsc",
        "tsserver": "bin/tsserver"
      },
      "engines": {
        "node": ">=14.17"
      }
    },
    "node_modules/undici-types": {
      "version": "7.18.2",
      "resolved": "https://registry.npmjs.org/undici-types/-/undici-types-7.18.2.tgz",
      "integrity": "sha512-AsuCzffGHJybSaRrmr5eHr81mwJU3kjw6M+uprWvCXiNeN9SOGwQ3Jn8jb8m3Z6izVgknn1R0FTCEAP2QrLY/w==",
      "dev": true,
      "license": "MIT"
    },
    "node_modules/url-template": {
      "version": "2.0.8",
      "resolved": "https://registry.npmjs.org/url-template/-/url-template-2.0.8.tgz",
      "integrity": "sha512-XdVKMF4SJ0nP/O7XIPB0JwAEuT9lDIYnNsK8yGVe43y0AWoKeJNdv3ZNWh7ksJ6KqQFjOO6ox/VEitLnaVNufw==",
      "license": "BSD"
    }
  }
}
